// !$*UTF8*$!
{
	archiveVersion = 1;
	classes = {
	};
	objectVersion = 46;
	objects = {

/* Begin PBXBuildFile section */
		19C7B64A1990DC2900A76C84 /* Foundation.framework in Frameworks */ = {isa = PBXBuildFile; fileRef = 19C7B6491990DC2900A76C84 /* Foundation.framework */; };
		19C7B64C1990DC2900A76C84 /* CoreGraphics.framework in Frameworks */ = {isa = PBXBuildFile; fileRef = 19C7B64B1990DC2900A76C84 /* CoreGraphics.framework */; };
		19C7B64E1990DC2900A76C84 /* UIKit.framework in Frameworks */ = {isa = PBXBuildFile; fileRef = 19C7B64D1990DC2900A76C84 /* UIKit.framework */; };
		19C7B6501990DC2900A76C84 /* GLKit.framework in Frameworks */ = {isa = PBXBuildFile; fileRef = 19C7B64F1990DC2900A76C84 /* GLKit.framework */; };
		19C7B6521990DC2900A76C84 /* OpenGLES.framework in Frameworks */ = {isa = PBXBuildFile; fileRef = 19C7B6511990DC2900A76C84 /* OpenGLES.framework */; };
		19C7B6581990DC2900A76C84 /* InfoPlist.strings in Resources */ = {isa = PBXBuildFile; fileRef = 19C7B6561990DC2900A76C84 /* InfoPlist.strings */; };
		19C7B65A1990DC2900A76C84 /* main.m in Sources */ = {isa = PBXBuildFile; fileRef = 19C7B6591990DC2900A76C84 /* main.m */; };
		19C7B65E1990DC2900A76C84 /* CS_AppDelegate.m in Sources */ = {isa = PBXBuildFile; fileRef = 19C7B65D1990DC2900A76C84 /* CS_AppDelegate.m */; };
		19C7B6611990DC2900A76C84 /* Main.storyboard in Resources */ = {isa = PBXBuildFile; fileRef = 19C7B65F1990DC2900A76C84 /* Main.storyboard */; };
		19C7B6631990DC2900A76C84 /* Shader.fsh in Resources */ = {isa = PBXBuildFile; fileRef = 19C7B6621990DC2900A76C84 /* Shader.fsh */; };
		19C7B6651990DC2900A76C84 /* Shader.vsh in Resources */ = {isa = PBXBuildFile; fileRef = 19C7B6641990DC2900A76C84 /* Shader.vsh */; };
		19C7B6681990DC2900A76C84 /* CS_ViewController.m in Sources */ = {isa = PBXBuildFile; fileRef = 19C7B6671990DC2900A76C84 /* CS_ViewController.m */; };
		19C7B66A1990DC2900A76C84 /* Images.xcassets in Resources */ = {isa = PBXBuildFile; fileRef = 19C7B6691990DC2900A76C84 /* Images.xcassets */; };
		19C7B6711990DC2900A76C84 /* XCTest.framework in Frameworks */ = {isa = PBXBuildFile; fileRef = 19C7B6701990DC2900A76C84 /* XCTest.framework */; };
		19C7B6721990DC2900A76C84 /* Foundation.framework in Frameworks */ = {isa = PBXBuildFile; fileRef = 19C7B6491990DC2900A76C84 /* Foundation.framework */; };
		19C7B6731990DC2900A76C84 /* UIKit.framework in Frameworks */ = {isa = PBXBuildFile; fileRef = 19C7B64D1990DC2900A76C84 /* UIKit.framework */; };
		19C7B67B1990DC2900A76C84 /* InfoPlist.strings in Resources */ = {isa = PBXBuildFile; fileRef = 19C7B6791990DC2900A76C84 /* InfoPlist.strings */; };
		19C7B67D1990DC2900A76C84 /* TestComponentSystemTests.m in Sources */ = {isa = PBXBuildFile; fileRef = 19C7B67C1990DC2900A76C84 /* TestComponentSystemTests.m */; };
		19C7B6881990DC5400A76C84 /* CS_Actor.m in Sources */ = {isa = PBXBuildFile; fileRef = 19C7B6871990DC5400A76C84 /* CS_Actor.m */; };
		19C7B68B1990DD3000A76C84 /* GameObject.m in Sources */ = {isa = PBXBuildFile; fileRef = 19C7B68A1990DD3000A76C84 /* GameObject.m */; };
		19C7B68E1990EB0500A76C84 /* RenderComponent.m in Sources */ = {isa = PBXBuildFile; fileRef = 19C7B68D1990EB0500A76C84 /* RenderComponent.m */; };
		19C7B6911990F43900A76C84 /* PhysicsComponent.m in Sources */ = {isa = PBXBuildFile; fileRef = 19C7B6901990F43900A76C84 /* PhysicsComponent.m */; };
/* End PBXBuildFile section */

/* Begin PBXContainerItemProxy section */
		19C7B6741990DC2900A76C84 /* PBXContainerItemProxy */ = {
			isa = PBXContainerItemProxy;
			containerPortal = 19C7B63E1990DC2900A76C84 /* Project object */;
			proxyType = 1;
			remoteGlobalIDString = 19C7B6451990DC2900A76C84;
			remoteInfo = TestComponentSystem;
		};
/* End PBXContainerItemProxy section */

/* Begin PBXFileReference section */
		19C7B6461990DC2900A76C84 /* TestComponentSystem.app */ = {isa = PBXFileReference; explicitFileType = wrapper.application; includeInIndex = 0; path = TestComponentSystem.app; sourceTree = BUILT_PRODUCTS_DIR; };
		19C7B6491990DC2900A76C84 /* Foundation.framework */ = {isa = PBXFileReference; lastKnownFileType = wrapper.framework; name = Foundation.framework; path = System/Library/Frameworks/Foundation.framework; sourceTree = SDKROOT; };
		19C7B64B1990DC2900A76C84 /* CoreGraphics.framework */ = {isa = PBXFileReference; lastKnownFileType = wrapper.framework; name = CoreGraphics.framework; path = System/Library/Frameworks/CoreGraphics.framework; sourceTree = SDKROOT; };
		19C7B64D1990DC2900A76C84 /* UIKit.framework */ = {isa = PBXFileReference; lastKnownFileType = wrapper.framework; name = UIKit.framework; path = System/Library/Frameworks/UIKit.framework; sourceTree = SDKROOT; };
		19C7B64F1990DC2900A76C84 /* GLKit.framework */ = {isa = PBXFileReference; lastKnownFileType = wrapper.framework; name = GLKit.framework; path = System/Library/Frameworks/GLKit.framework; sourceTree = SDKROOT; };
		19C7B6511990DC2900A76C84 /* OpenGLES.framework */ = {isa = PBXFileReference; lastKnownFileType = wrapper.framework; name = OpenGLES.framework; path = System/Library/Frameworks/OpenGLES.framework; sourceTree = SDKROOT; };
		19C7B6551990DC2900A76C84 /* TestComponentSystem-Info.plist */ = {isa = PBXFileReference; lastKnownFileType = text.plist.xml; path = "TestComponentSystem-Info.plist"; sourceTree = "<group>"; };
		19C7B6571990DC2900A76C84 /* en */ = {isa = PBXFileReference; lastKnownFileType = text.plist.strings; name = en; path = en.lproj/InfoPlist.strings; sourceTree = "<group>"; };
		19C7B6591990DC2900A76C84 /* main.m */ = {isa = PBXFileReference; lastKnownFileType = sourcecode.c.objc; path = main.m; sourceTree = "<group>"; };
		19C7B65B1990DC2900A76C84 /* TestComponentSystem-Prefix.pch */ = {isa = PBXFileReference; lastKnownFileType = sourcecode.c.h; path = "TestComponentSystem-Prefix.pch"; sourceTree = "<group>"; };
		19C7B65C1990DC2900A76C84 /* CS_AppDelegate.h */ = {isa = PBXFileReference; lastKnownFileType = sourcecode.c.h; path = CS_AppDelegate.h; sourceTree = "<group>"; };
		19C7B65D1990DC2900A76C84 /* CS_AppDelegate.m */ = {isa = PBXFileReference; lastKnownFileType = sourcecode.c.objc; path = CS_AppDelegate.m; sourceTree = "<group>"; };
		19C7B6601990DC2900A76C84 /* Base */ = {isa = PBXFileReference; lastKnownFileType = file.storyboard; name = Base; path = Base.lproj/Main.storyboard; sourceTree = "<group>"; };
		19C7B6621990DC2900A76C84 /* Shader.fsh */ = {isa = PBXFileReference; lastKnownFileType = sourcecode.glsl; name = Shader.fsh; path = Shaders/Shader.fsh; sourceTree = "<group>"; };
		19C7B6641990DC2900A76C84 /* Shader.vsh */ = {isa = PBXFileReference; lastKnownFileType = sourcecode.glsl; name = Shader.vsh; path = Shaders/Shader.vsh; sourceTree = "<group>"; };
		19C7B6661990DC2900A76C84 /* CS_ViewController.h */ = {isa = PBXFileReference; lastKnownFileType = sourcecode.c.h; path = CS_ViewController.h; sourceTree = "<group>"; };
		19C7B6671990DC2900A76C84 /* CS_ViewController.m */ = {isa = PBXFileReference; lastKnownFileType = sourcecode.c.objc; path = CS_ViewController.m; sourceTree = "<group>"; };
		19C7B6691990DC2900A76C84 /* Images.xcassets */ = {isa = PBXFileReference; lastKnownFileType = folder.assetcatalog; path = Images.xcassets; sourceTree = "<group>"; };
		19C7B66F1990DC2900A76C84 /* TestComponentSystemTests.xctest */ = {isa = PBXFileReference; explicitFileType = wrapper.cfbundle; includeInIndex = 0; path = TestComponentSystemTests.xctest; sourceTree = BUILT_PRODUCTS_DIR; };
		19C7B6701990DC2900A76C84 /* XCTest.framework */ = {isa = PBXFileReference; lastKnownFileType = wrapper.framework; name = XCTest.framework; path = Library/Frameworks/XCTest.framework; sourceTree = DEVELOPER_DIR; };
		19C7B6781990DC2900A76C84 /* TestComponentSystemTests-Info.plist */ = {isa = PBXFileReference; lastKnownFileType = text.plist.xml; path = "TestComponentSystemTests-Info.plist"; sourceTree = "<group>"; };
		19C7B67A1990DC2900A76C84 /* en */ = {isa = PBXFileReference; lastKnownFileType = text.plist.strings; name = en; path = en.lproj/InfoPlist.strings; sourceTree = "<group>"; };
		19C7B67C1990DC2900A76C84 /* TestComponentSystemTests.m */ = {isa = PBXFileReference; lastKnownFileType = sourcecode.c.objc; path = TestComponentSystemTests.m; sourceTree = "<group>"; };
		19C7B6861990DC5400A76C84 /* CS_Actor.h */ = {isa = PBXFileReference; fileEncoding = 4; lastKnownFileType = sourcecode.c.h; path = CS_Actor.h; sourceTree = "<group>"; };
		19C7B6871990DC5400A76C84 /* CS_Actor.m */ = {isa = PBXFileReference; fileEncoding = 4; lastKnownFileType = sourcecode.c.objc; path = CS_Actor.m; sourceTree = "<group>"; };
		19C7B6891990DD3000A76C84 /* GameObject.h */ = {isa = PBXFileReference; fileEncoding = 4; lastKnownFileType = sourcecode.c.h; path = GameObject.h; sourceTree = "<group>"; };
		19C7B68A1990DD3000A76C84 /* GameObject.m */ = {isa = PBXFileReference; fileEncoding = 4; lastKnownFileType = sourcecode.c.objc; path = GameObject.m; sourceTree = "<group>"; };
		19C7B68C1990EB0500A76C84 /* RenderComponent.h */ = {isa = PBXFileReference; fileEncoding = 4; lastKnownFileType = sourcecode.c.h; path = RenderComponent.h; sourceTree = "<group>"; };
		19C7B68D1990EB0500A76C84 /* RenderComponent.m */ = {isa = PBXFileReference; fileEncoding = 4; lastKnownFileType = sourcecode.c.objc; path = RenderComponent.m; sourceTree = "<group>"; };
		19C7B68F1990F43900A76C84 /* PhysicsComponent.h */ = {isa = PBXFileReference; fileEncoding = 4; lastKnownFileType = sourcecode.c.h; path = PhysicsComponent.h; sourceTree = "<group>"; };
		19C7B6901990F43900A76C84 /* PhysicsComponent.m */ = {isa = PBXFileReference; fileEncoding = 4; lastKnownFileType = sourcecode.c.objc; path = PhysicsComponent.m; sourceTree = "<group>"; };
/* End PBXFileReference section */

/* Begin PBXFrameworksBuildPhase section */
		19C7B6431990DC2900A76C84 /* Frameworks */ = {
			isa = PBXFrameworksBuildPhase;
			buildActionMask = 2147483647;
			files = (
				19C7B6521990DC2900A76C84 /* OpenGLES.framework in Frameworks */,
				19C7B64C1990DC2900A76C84 /* CoreGraphics.framework in Frameworks */,
				19C7B64E1990DC2900A76C84 /* UIKit.framework in Frameworks */,
				19C7B6501990DC2900A76C84 /* GLKit.framework in Frameworks */,
				19C7B64A1990DC2900A76C84 /* Foundation.framework in Frameworks */,
			);
			runOnlyForDeploymentPostprocessing = 0;
		};
		19C7B66C1990DC2900A76C84 /* Frameworks */ = {
			isa = PBXFrameworksBuildPhase;
			buildActionMask = 2147483647;
			files = (
				19C7B6711990DC2900A76C84 /* XCTest.framework in Frameworks */,
				19C7B6731990DC2900A76C84 /* UIKit.framework in Frameworks */,
				19C7B6721990DC2900A76C84 /* Foundation.framework in Frameworks */,
			);
			runOnlyForDeploymentPostprocessing = 0;
		};
/* End PBXFrameworksBuildPhase section */

/* Begin PBXGroup section */
		19C7B63D1990DC2900A76C84 = {
			isa = PBXGroup;
			children = (
				19C7B6531990DC2900A76C84 /* TestComponentSystem */,
				19C7B6761990DC2900A76C84 /* TestComponentSystemTests */,
				19C7B6481990DC2900A76C84 /* Frameworks */,
				19C7B6471990DC2900A76C84 /* Products */,
			);
			sourceTree = "<group>";
		};
		19C7B6471990DC2900A76C84 /* Products */ = {
			isa = PBXGroup;
			children = (
				19C7B6461990DC2900A76C84 /* TestComponentSystem.app */,
				19C7B66F1990DC2900A76C84 /* TestComponentSystemTests.xctest */,
			);
			name = Products;
			sourceTree = "<group>";
		};
		19C7B6481990DC2900A76C84 /* Frameworks */ = {
			isa = PBXGroup;
			children = (
				19C7B6491990DC2900A76C84 /* Foundation.framework */,
				19C7B64B1990DC2900A76C84 /* CoreGraphics.framework */,
				19C7B64D1990DC2900A76C84 /* UIKit.framework */,
				19C7B64F1990DC2900A76C84 /* GLKit.framework */,
				19C7B6511990DC2900A76C84 /* OpenGLES.framework */,
				19C7B6701990DC2900A76C84 /* XCTest.framework */,
			);
			name = Frameworks;
			sourceTree = "<group>";
		};
		19C7B6531990DC2900A76C84 /* TestComponentSystem */ = {
			isa = PBXGroup;
			children = (
				19C7B65C1990DC2900A76C84 /* CS_AppDelegate.h */,
				19C7B65D1990DC2900A76C84 /* CS_AppDelegate.m */,
				19C7B65F1990DC2900A76C84 /* Main.storyboard */,
				19C7B6621990DC2900A76C84 /* Shader.fsh */,
				19C7B6641990DC2900A76C84 /* Shader.vsh */,
				19C7B6661990DC2900A76C84 /* CS_ViewController.h */,
				19C7B6671990DC2900A76C84 /* CS_ViewController.m */,
				19C7B6691990DC2900A76C84 /* Images.xcassets */,
				19C7B6541990DC2900A76C84 /* Supporting Files */,
				19C7B6861990DC5400A76C84 /* CS_Actor.h */,
				19C7B6871990DC5400A76C84 /* CS_Actor.m */,
				19C7B6891990DD3000A76C84 /* GameObject.h */,
				19C7B68A1990DD3000A76C84 /* GameObject.m */,
				19C7B68C1990EB0500A76C84 /* RenderComponent.h */,
				19C7B68D1990EB0500A76C84 /* RenderComponent.m */,
				19C7B68F1990F43900A76C84 /* PhysicsComponent.h */,
				19C7B6901990F43900A76C84 /* PhysicsComponent.m */,
			);
			path = TestComponentSystem;
			sourceTree = "<group>";
		};
		19C7B6541990DC2900A76C84 /* Supporting Files */ = {
			isa = PBXGroup;
			children = (
				19C7B6551990DC2900A76C84 /* TestComponentSystem-Info.plist */,
				19C7B6561990DC2900A76C84 /* InfoPlist.strings */,
				19C7B6591990DC2900A76C84 /* main.m */,
				19C7B65B1990DC2900A76C84 /* TestComponentSystem-Prefix.pch */,
			);
			name = "Supporting Files";
			sourceTree = "<group>";
		};
		19C7B6761990DC2900A76C84 /* TestComponentSystemTests */ = {
			isa = PBXGroup;
			children = (
				19C7B67C1990DC2900A76C84 /* TestComponentSystemTests.m */,
				19C7B6771990DC2900A76C84 /* Supporting Files */,
			);
			path = TestComponentSystemTests;
			sourceTree = "<group>";
		};
		19C7B6771990DC2900A76C84 /* Supporting Files */ = {
			isa = PBXGroup;
			children = (
				19C7B6781990DC2900A76C84 /* TestComponentSystemTests-Info.plist */,
				19C7B6791990DC2900A76C84 /* InfoPlist.strings */,
			);
			name = "Supporting Files";
			sourceTree = "<group>";
		};
/* End PBXGroup section */

/* Begin PBXNativeTarget section */
		19C7B6451990DC2900A76C84 /* TestComponentSystem */ = {
			isa = PBXNativeTarget;
			buildConfigurationList = 19C7B6801990DC2A00A76C84 /* Build configuration list for PBXNativeTarget "TestComponentSystem" */;
			buildPhases = (
				19C7B6421990DC2900A76C84 /* Sources */,
				19C7B6431990DC2900A76C84 /* Frameworks */,
				19C7B6441990DC2900A76C84 /* Resources */,
			);
			buildRules = (
			);
			dependencies = (
			);
			name = TestComponentSystem;
			productName = TestComponentSystem;
			productReference = 19C7B6461990DC2900A76C84 /* TestComponentSystem.app */;
			productType = "com.apple.product-type.application";
		};
		19C7B66E1990DC2900A76C84 /* TestComponentSystemTests */ = {
			isa = PBXNativeTarget;
			buildConfigurationList = 19C7B6831990DC2A00A76C84 /* Build configuration list for PBXNativeTarget "TestComponentSystemTests" */;
			buildPhases = (
				19C7B66B1990DC2900A76C84 /* Sources */,
				19C7B66C1990DC2900A76C84 /* Frameworks */,
				19C7B66D1990DC2900A76C84 /* Resources */,
			);
			buildRules = (
			);
			dependencies = (
				19C7B6751990DC2900A76C84 /* PBXTargetDependency */,
			);
			name = TestComponentSystemTests;
			productName = TestComponentSystemTests;
			productReference = 19C7B66F1990DC2900A76C84 /* TestComponentSystemTests.xctest */;
			productType = "com.apple.product-type.bundle.unit-test";
		};
/* End PBXNativeTarget section */

/* Begin PBXProject section */
		19C7B63E1990DC2900A76C84 /* Project object */ = {
			isa = PBXProject;
			attributes = {
				CLASSPREFIX = CS_;
				LastUpgradeCheck = 0510;
				ORGANIZATIONNAME = whackylabs;
				TargetAttributes = {
					19C7B66E1990DC2900A76C84 = {
						TestTargetID = 19C7B6451990DC2900A76C84;
					};
				};
			};
			buildConfigurationList = 19C7B6411990DC2900A76C84 /* Build configuration list for PBXProject "TestComponentSystem" */;
			compatibilityVersion = "Xcode 3.2";
			developmentRegion = English;
			hasScannedForEncodings = 0;
			knownRegions = (
				en,
				Base,
			);
			mainGroup = 19C7B63D1990DC2900A76C84;
			productRefGroup = 19C7B6471990DC2900A76C84 /* Products */;
			projectDirPath = "";
			projectRoot = "";
			targets = (
				19C7B6451990DC2900A76C84 /* TestComponentSystem */,
				19C7B66E1990DC2900A76C84 /* TestComponentSystemTests */,
			);
		};
/* End PBXProject section */

/* Begin PBXResourcesBuildPhase section */
		19C7B6441990DC2900A76C84 /* Resources */ = {
			isa = PBXResourcesBuildPhase;
			buildActionMask = 2147483647;
			files = (
				19C7B6651990DC2900A76C84 /* Shader.vsh in Resources */,
				19C7B66A1990DC2900A76C84 /* Images.xcassets in Resources */,
				19C7B6631990DC2900A76C84 /* Shader.fsh in Resources */,
				19C7B6581990DC2900A76C84 /* InfoPlist.strings in Resources */,
				19C7B6611990DC2900A76C84 /* Main.storyboard in Resources */,
			);
			runOnlyForDeploymentPostprocessing = 0;
		};
		19C7B66D1990DC2900A76C84 /* Resources */ = {
			isa = PBXResourcesBuildPhase;
			buildActionMask = 2147483647;
			files = (
				19C7B67B1990DC2900A76C84 /* InfoPlist.strings in Resources */,
			);
			runOnlyForDeploymentPostprocessing = 0;
		};
/* End PBXResourcesBuildPhase section */

/* Begin PBXSourcesBuildPhase section */
		19C7B6421990DC2900A76C84 /* Sources */ = {
			isa = PBXSourcesBuildPhase;
			buildActionMask = 2147483647;
			files = (
				19C7B6911990F43900A76C84 /* PhysicsComponent.m in Sources */,
				19C7B68B1990DD3000A76C84 /* GameObject.m in Sources */,
				19C7B65E1990DC2900A76C84 /* CS_AppDelegate.m in Sources */,
				19C7B65A1990DC2900A76C84 /* main.m in Sources */,
				19C7B6681990DC2900A76C84 /* CS_ViewController.m in Sources */,
				19C7B6881990DC5400A76C84 /* CS_Actor.m in Sources */,
				19C7B68E1990EB0500A76C84 /* RenderComponent.m in Sources */,
			);
			runOnlyForDeploymentPostprocessing = 0;
		};
		19C7B66B1990DC2900A76C84 /* Sources */ = {
			isa = PBXSourcesBuildPhase;
			buildActionMask = 2147483647;
			files = (
				19C7B67D1990DC2900A76C84 /* TestComponentSystemTests.m in Sources */,
			);
			runOnlyForDeploymentPostprocessing = 0;
		};
/* End PBXSourcesBuildPhase section */

/* Begin PBXTargetDependency section */
		19C7B6751990DC2900A76C84 /* PBXTargetDependency */ = {
			isa = PBXTargetDependency;
			target = 19C7B6451990DC2900A76C84 /* TestComponentSystem */;
			targetProxy = 19C7B6741990DC2900A76C84 /* PBXContainerItemProxy */;
		};
/* End PBXTargetDependency section */

/* Begin PBXVariantGroup section */
		19C7B6561990DC2900A76C84 /* InfoPlist.strings */ = {
			isa = PBXVariantGroup;
			children = (
				19C7B6571990DC2900A76C84 /* en */,
			);
			name = InfoPlist.strings;
			sourceTree = "<group>";
		};
		19C7B65F1990DC2900A76C84 /* Main.storyboard */ = {
			isa = PBXVariantGroup;
			children = (
				19C7B6601990DC2900A76C84 /* Base */,
			);
			name = Main.storyboard;
			sourceTree = "<group>";
		};
		19C7B6791990DC2900A76C84 /* InfoPlist.strings */ = {
			isa = PBXVariantGroup;
			children = (
				19C7B67A1990DC2900A76C84 /* en */,
			);
			name = InfoPlist.strings;
			sourceTree = "<group>";
		};
/* End PBXVariantGroup section */

/* Begin XCBuildConfiguration section */
		19C7B67E1990DC2900A76C84 /* Debug */ = {
			isa = XCBuildConfiguration;
			buildSettings = {
				ALWAYS_SEARCH_USER_PATHS = NO;
				CLANG_CXX_LANGUAGE_STANDARD = "gnu++0x";
				CLANG_CXX_LIBRARY = "libc++";
				CLANG_ENABLE_MODULES = YES;
				CLANG_ENABLE_OBJC_ARC = YES;
				CLANG_WARN_BOOL_CONVERSION = YES;
				CLANG_WARN_CONSTANT_CONVERSION = YES;
				CLANG_WARN_DIRECT_OBJC_ISA_USAGE = YES_ERROR;
				CLANG_WARN_EMPTY_BODY = YES;
				CLANG_WARN_ENUM_CONVERSION = YES;
				CLANG_WARN_INT_CONVERSION = YES;
				CLANG_WARN_OBJC_ROOT_CLASS = YES_ERROR;
				CLANG_WARN__DUPLICATE_METHOD_MATCH = YES;
				"CODE_SIGN_IDENTITY[sdk=iphoneos*]" = "iPhone Developer";
				COPY_PHASE_STRIP = NO;
				GCC_C_LANGUAGE_STANDARD = gnu99;
				GCC_DYNAMIC_NO_PIC = NO;
				GCC_OPTIMIZATION_LEVEL = 0;
				GCC_PREPROCESSOR_DEFINITIONS = (
					"DEBUG=1",
					"$(inherited)",
				);
				GCC_SYMBOLS_PRIVATE_EXTERN = NO;
				GCC_WARN_64_TO_32_BIT_CONVERSION = YES;
				GCC_WARN_ABOUT_RETURN_TYPE = YES_ERROR;
				GCC_WARN_UNDECLARED_SELECTOR = YES;
				GCC_WARN_UNINITIALIZED_AUTOS = YES_AGGRESSIVE;
				GCC_WARN_UNUSED_FUNCTION = YES;
				GCC_WARN_UNUSED_VARIABLE = YES;
				IPHONEOS_DEPLOYMENT_TARGET = 7.1;
				ONLY_ACTIVE_ARCH = YES;
				SDKROOT = iphoneos;
			};
			name = Debug;
		};
		19C7B67F1990DC2900A76C84 /* Release */ = {
			isa = XCBuildConfiguration;
			buildSettings = {
				ALWAYS_SEARCH_USER_PATHS = NO;
				CLANG_CXX_LANGUAGE_STANDARD = "gnu++0x";
				CLANG_CXX_LIBRARY = "libc++";
				CLANG_ENABLE_MODULES = YES;
				CLANG_ENABLE_OBJC_ARC = YES;
				CLANG_WARN_BOOL_CONVERSION = YES;
				CLANG_WARN_CONSTANT_CONVERSION = YES;
				CLANG_WARN_DIRECT_OBJC_ISA_USAGE = YES_ERROR;
				CLANG_WARN_EMPTY_BODY = YES;
				CLANG_WARN_ENUM_CONVERSION = YES;
				CLANG_WARN_INT_CONVERSION = YES;
				CLANG_WARN_OBJC_ROOT_CLASS = YES_ERROR;
				CLANG_WARN__DUPLICATE_METHOD_MATCH = YES;
				"CODE_SIGN_IDENTITY[sdk=iphoneos*]" = "iPhone Developer";
				COPY_PHASE_STRIP = YES;
				ENABLE_NS_ASSERTIONS = NO;
				GCC_C_LANGUAGE_STANDARD = gnu99;
				GCC_WARN_64_TO_32_BIT_CONVERSION = YES;
				GCC_WARN_ABOUT_RETURN_TYPE = YES_ERROR;
				GCC_WARN_UNDECLARED_SELECTOR = YES;
				GCC_WARN_UNINITIALIZED_AUTOS = YES_AGGRESSIVE;
				GCC_WARN_UNUSED_FUNCTION = YES;
				GCC_WARN_UNUSED_VARIABLE = YES;
				IPHONEOS_DEPLOYMENT_TARGET = 7.1;
				SDKROOT = iphoneos;
				VALIDATE_PRODUCT = YES;
			};
			name = Release;
		};
		19C7B6811990DC2A00A76C84 /* Debug */ = {
			isa = XCBuildConfiguration;
			buildSettings = {
				ASSETCATALOG_COMPILER_APPICON_NAME = AppIcon;
				ASSETCATALOG_COMPILER_LAUNCHIMAGE_NAME = LaunchImage;
				CLANG_ENABLE_OBJC_ARC = NO;
				GCC_PRECOMPILE_PREFIX_HEADER = YES;
				GCC_PREFIX_HEADER = "TestComponentSystem/TestComponentSystem-Prefix.pch";
				INFOPLIST_FILE = "TestComponentSystem/TestComponentSystem-Info.plist";
				PRODUCT_NAME = "$(TARGET_NAME)";
				WRAPPER_EXTENSION = app;
			};
			name = Debug;
		};
		19C7B6821990DC2A00A76C84 /* Release */ = {
			isa = XCBuildConfiguration;
			buildSettings = {
				ASSETCATALOG_COMPILER_APPICON_NAME = AppIcon;
				ASSETCATALOG_COMPILER_LAUNCHIMAGE_NAME = LaunchImage;
				CLANG_ENABLE_OBJC_ARC = NO;
				GCC_PRECOMPILE_PREFIX_HEADER = YES;
				GCC_PREFIX_HEADER = "TestComponentSystem/TestComponentSystem-Prefix.pch";
				INFOPLIST_FILE = "TestComponentSystem/TestComponentSystem-Info.plist";
				PRODUCT_NAME = "$(TARGET_NAME)";
				WRAPPER_EXTENSION = app;
			};
			name = Release;
		};
		19C7B6841990DC2A00A76C84 /* Debug */ = {
			isa = XCBuildConfiguration;
			buildSettings = {
				BUNDLE_LOADER = "$(BUILT_PRODUCTS_DIR)/TestComponentSystem.app/TestComponentSystem";
				FRAMEWORK_SEARCH_PATHS = (
					"$(SDKROOT)/Developer/Library/Frameworks",
					"$(inherited)",
					"$(DEVELOPER_FRAMEWORKS_DIR)",
				);
				GCC_PRECOMPILE_PREFIX_HEADER = YES;
				GCC_PREFIX_HEADER = "TestComponentSystem/TestComponentSystem-Prefix.pch";
				GCC_PREPROCESSOR_DEFINITIONS = (
					"DEBUG=1",
					"$(inherited)",
				);
				INFOPLIST_FILE = "TestComponentSystemTests/TestComponentSystemTests-Info.plist";
				PRODUCT_NAME = "$(TARGET_NAME)";
				TEST_HOST = "$(BUNDLE_LOADER)";
				WRAPPER_EXTENSION = xctest;
			};
			name = Debug;
		};
		19C7B6851990DC2A00A76C84 /* Release */ = {
			isa = XCBuildConfiguration;
			buildSettings = {
				BUNDLE_LOADER = "$(BUILT_PRODUCTS_DIR)/TestComponentSystem.app/TestComponentSystem";
				FRAMEWORK_SEARCH_PATHS = (
					"$(SDKROOT)/Developer/Library/Frameworks",
					"$(inherited)",
					"$(DEVELOPER_FRAMEWORKS_DIR)",
				);
				GCC_PRECOMPILE_PREFIX_HEADER = YES;
				GCC_PREFIX_HEADER = "TestComponentSystem/TestComponentSystem-Prefix.pch";
				INFOPLIST_FILE = "TestComponentSystemTests/TestComponentSystemTests-Info.plist";
				PRODUCT_NAME = "$(TARGET_NAME)";
				TEST_HOST = "$(BUNDLE_LOADER)";
				WRAPPER_EXTENSION = xctest;
			};
			name = Release;
		};
/* End XCBuildConfiguration section */

/* Begin XCConfigurationList section */
		19C7B6411990DC2900A76C84 /* Build configuration list for PBXProject "TestComponentSystem" */ = {
			isa = XCConfigurationList;
			buildConfigurations = (
				19C7B67E1990DC2900A76C84 /* Debug */,
				19C7B67F1990DC2900A76C84 /* Release */,
			);
			defaultConfigurationIsVisible = 0;
			defaultConfigurationName = Release;
		};
		19C7B6801990DC2A00A76C84 /* Build configuration list for PBXNativeTarget "TestComponentSystem" */ = {
			isa = XCConfigurationList;
			buildConfigurations = (
				19C7B6811990DC2A00A76C84 /* Debug */,
				19C7B6821990DC2A00A76C84 /* Release */,
			);
			defaultConfigurationIsVisible = 0;
			defaultConfigurationName = Release;
		};
		19C7B6831990DC2A00A76C84 /* Build configuration list for PBXNativeTarget "TestComponentSystemTests" */ = {
			isa = XCConfigurationList;
			buildConfigurations = (
				19C7B6841990DC2A00A76C84 /* Debug */,
				19C7B6851990DC2A00A76C84 /* Release */,
			);
			defaultConfigurationIsVisible = 0;
			defaultConfigurationName = Release;
		};
/* End XCConfigurationList section */
	};
	rootObject = 19C7B63E1990DC2900A76C84 /* Project object */;
}
